# This file is autogenerated, do not edit; changes may be undone by the next 'dep ensure'.


[[projects]]
  name = "github.com/eclipse/paho.mqtt.golang"
  packages = ["packets"]
  revision = "36d01c2b4cbeb3d2a12063e4880ce30800af9560"
  version = "v1.1.1"

[solve-meta]
  analyzer-name = "dep"
  analyzer-version = 1
  inputs-digest = "11b6d93e2bc459a2f3cc6d6c8ed53c894f49cdee1106cf27d3d7a6e430abc69a"
  solver-name = "gps-cdcl"
  solver-version = 1
