# This file is autogenerated, do not edit; changes may be undone by the next 'dep ensure'.


[[projects]]
  name = "github.com/eclipse/paho.mqtt.golang"
  packages = [
    ".",
    "packets"
  ]
  revision = "36d01c2b4cbeb3d2a12063e4880ce30800af9560"
  version = "v1.1.1"

[[projects]]
  branch = "master"
  name = "golang.org/x/net"
  packages = [
    "internal/socks",
    "proxy",
    "websocket"
  ]
  revision = "3673e40ba22529d22c3fd7c93e97b0ce50fa7bdd"

[solve-meta]
  analyzer-name = "dep"
  analyzer-version = 1
  inputs-digest = "851973cb98579a2b0bf7ee2749241403a2ac55abed923b9ea0859104dd7d944e"
  solver-name = "gps-cdcl"
  solver-version = 1
